
Microsoft Visual Studio Solution File, Format Version 12.00
# Visual Studio 14
VisualStudioVersion = 14.0.25420.1
MinimumVisualStudioVersion = 10.0.40219.1
Project("{FAE04EC0-301F-11D3-BF4B-00C04F79EFBC}") = "WebClient", "WebClient\WebClient.csproj", "{18880B43-E973-477E-BB96-CBC7E4A589C6}"
EndProject
Project("{FAE04EC0-301F-11D3-BF4B-00C04F79EFBC}") = "Presentation", "Service\Presentation.csproj", "{F0155A3C-CBE8-4BAA-A563-83B850F0486C}"
EndProject
Project("{FAE04EC0-301F-11D3-BF4B-00C04F79EFBC}") = "ConsoleHost", "ConsoleHost\ConsoleHost.csproj", "{E84ADFEF-768F-4146-BD28-ACF8A0A44AEC}"
EndProject
Global
	GlobalSection(SolutionConfigurationPlatforms) = preSolution
		Debug|Any CPU = Debug|Any CPU
		Release|Any CPU = Release|Any CPU
	EndGlobalSection
	GlobalSection(ProjectConfigurationPlatforms) = postSolution
		{18880B43-E973-477E-BB96-CBC7E4A589C6}.Debug|Any CPU.ActiveCfg = Debug|Any CPU
		{18880B43-E973-477E-BB96-CBC7E4A589C6}.Debug|Any CPU.Build.0 = Debug|Any CPU
		{18880B43-E973-477E-BB96-CBC7E4A589C6}.Release|Any CPU.ActiveCfg = Release|Any CPU
		{18880B43-E973-477E-BB96-CBC7E4A589C6}.Release|Any CPU.Build.0 = Release|Any CPU
		{F0155A3C-CBE8-4BAA-A563-83B850F0486C}.Debug|Any CPU.ActiveCfg = Debug|Any CPU
		{F0155A3C-CBE8-4BAA-A563-83B850F0486C}.Debug|Any CPU.Build.0 = Debug|Any CPU
		{F0155A3C-CBE8-4BAA-A563-83B850F0486C}.Release|Any CPU.ActiveCfg = Release|Any CPU
		{F0155A3C-CBE8-4BAA-A563-83B850F0486C}.Release|Any CPU.Build.0 = Release|Any CPU
		{E84ADFEF-768F-4146-BD28-ACF8A0A44AEC}.Debug|Any CPU.ActiveCfg = Debug|Any CPU
		{E84ADFEF-768F-4146-BD28-ACF8A0A44AEC}.Debug|Any CPU.Build.0 = Debug|Any CPU
		{E84ADFEF-768F-4146-BD28-ACF8A0A44AEC}.Release|Any CPU.ActiveCfg = Release|Any CPU
		{E84ADFEF-768F-4146-BD28-ACF8A0A44AEC}.Release|Any CPU.Build.0 = Release|Any CPU
	EndGlobalSection
	GlobalSection(SolutionProperties) = preSolution
		HideSolutionNode = FALSE
	EndGlobalSection
EndGlobal
